
Microsoft Visual Studio Solution File, Format Version 12.00
# Visual Studio Version 17
VisualStudioVersion = 17.8.34525.116
MinimumVisualStudioVersion = 10.0.40219.1
Project("{FAE04EC0-301F-11D3-BF4B-00C04F79EFBC}") = "Ara3D.Bowerbird.Revit2023", "Revit\Revit2023\Ara3D.Bowerbird.Revit2023.csproj", "{F831E5C7-ABC5-476A-88CB-638783F266D0}"
EndProject
Project("{FAE04EC0-301F-11D3-BF4B-00C04F79EFBC}") = "Ara3D.Bowerbird.Wpf.Net48", "demos\Ara3D.Bowerbird.Wpf.Net48\Ara3D.Bowerbird.Wpf.Net48.csproj", "{52DCF0BD-A524-4781-BAC1-B1080868991C}"
EndProject
Project("{9A19103F-16F7-4668-BE54-9A1E7A4F7556}") = "Ara3D.Bowerbird.Tests", "tests\Ara3D.Bowerbird.Tests.csproj", "{D709778B-557E-42DA-BD46-AD7BBC11EBB8}"
EndProject
Project("{9A19103F-16F7-4668-BE54-9A1E7A4F7556}") = "Ara3D.Bowerbird.Core", "common\Ara3D.Bowerbird.Core\Ara3D.Bowerbird.Core.csproj", "{E3729FDA-8859-48C9-8DC8-C25CC96A3A17}"
EndProject
Project("{9A19103F-16F7-4668-BE54-9A1E7A4F7556}") = "Ara3D.Bowerbird.Interfaces", "common\Ara3D.Bowerbird.Interfaces\Ara3D.Bowerbird.Interfaces.csproj", "{7DDEFD3E-4B99-4685-B7D7-0A43BBE4E3F4}"
EndProject
Project("{9A19103F-16F7-4668-BE54-9A1E7A4F7556}") = "Ara3D.Utils.Roslyn", "common\Ara3D.Utils.Roslyn\Ara3D.Utils.Roslyn.csproj", "{AD215465-A6BB-4724-9BC4-DA05B9408776}"
EndProject
Project("{2150E333-8FDC-42A3-9474-1A3956D46DE8}") = "items", "items", "{9FF6F647-AC3E-4272-B643-6618791C2E2C}"
	ProjectSection(SolutionItems) = preProject
		..\README.md = ..\README.md
	EndProjectSection
EndProject
Global
	GlobalSection(SolutionConfigurationPlatforms) = preSolution
		Debug|Any CPU = Debug|Any CPU
		Debug|x64 = Debug|x64
		Release|Any CPU = Release|Any CPU
		Release|x64 = Release|x64
	EndGlobalSection
	GlobalSection(ProjectConfigurationPlatforms) = postSolution
		{F831E5C7-ABC5-476A-88CB-638783F266D0}.Debug|Any CPU.ActiveCfg = Debug|x64
		{F831E5C7-ABC5-476A-88CB-638783F266D0}.Debug|Any CPU.Build.0 = Debug|x64
		{F831E5C7-ABC5-476A-88CB-638783F266D0}.Debug|x64.ActiveCfg = Debug|x64
		{F831E5C7-ABC5-476A-88CB-638783F266D0}.Debug|x64.Build.0 = Debug|x64
		{F831E5C7-ABC5-476A-88CB-638783F266D0}.Release|Any CPU.ActiveCfg = Release|x64
		{F831E5C7-ABC5-476A-88CB-638783F266D0}.Release|Any CPU.Build.0 = Release|x64
		{F831E5C7-ABC5-476A-88CB-638783F266D0}.Release|x64.ActiveCfg = Release|x64
		{F831E5C7-ABC5-476A-88CB-638783F266D0}.Release|x64.Build.0 = Release|x64
		{52DCF0BD-A524-4781-BAC1-B1080868991C}.Debug|Any CPU.ActiveCfg = Debug|Any CPU
		{52DCF0BD-A524-4781-BAC1-B1080868991C}.Debug|Any CPU.Build.0 = Debug|Any CPU
		{52DCF0BD-A524-4781-BAC1-B1080868991C}.Debug|x64.ActiveCfg = Debug|Any CPU
		{52DCF0BD-A524-4781-BAC1-B1080868991C}.Debug|x64.Build.0 = Debug|Any CPU
		{52DCF0BD-A524-4781-BAC1-B1080868991C}.Release|Any CPU.ActiveCfg = Release|Any CPU
		{52DCF0BD-A524-4781-BAC1-B1080868991C}.Release|Any CPU.Build.0 = Release|Any CPU
		{52DCF0BD-A524-4781-BAC1-B1080868991C}.Release|x64.ActiveCfg = Release|Any CPU
		{52DCF0BD-A524-4781-BAC1-B1080868991C}.Release|x64.Build.0 = Release|Any CPU
		{D709778B-557E-42DA-BD46-AD7BBC11EBB8}.Debug|Any CPU.ActiveCfg = Debug|Any CPU
		{D709778B-557E-42DA-BD46-AD7BBC11EBB8}.Debug|Any CPU.Build.0 = Debug|Any CPU
		{D709778B-557E-42DA-BD46-AD7BBC11EBB8}.Debug|x64.ActiveCfg = Debug|Any CPU
		{D709778B-557E-42DA-BD46-AD7BBC11EBB8}.Debug|x64.Build.0 = Debug|Any CPU
		{D709778B-557E-42DA-BD46-AD7BBC11EBB8}.Release|Any CPU.ActiveCfg = Release|Any CPU
		{D709778B-557E-42DA-BD46-AD7BBC11EBB8}.Release|Any CPU.Build.0 = Release|Any CPU
		{D709778B-557E-42DA-BD46-AD7BBC11EBB8}.Release|x64.ActiveCfg = Release|Any CPU
		{D709778B-557E-42DA-BD46-AD7BBC11EBB8}.Release|x64.Build.0 = Release|Any CPU
		{E3729FDA-8859-48C9-8DC8-C25CC96A3A17}.Debug|Any CPU.ActiveCfg = Debug|Any CPU
		{E3729FDA-8859-48C9-8DC8-C25CC96A3A17}.Debug|Any CPU.Build.0 = Debug|Any CPU
		{E3729FDA-8859-48C9-8DC8-C25CC96A3A17}.Debug|x64.ActiveCfg = Debug|Any CPU
		{E3729FDA-8859-48C9-8DC8-C25CC96A3A17}.Debug|x64.Build.0 = Debug|Any CPU
		{E3729FDA-8859-48C9-8DC8-C25CC96A3A17}.Release|Any CPU.ActiveCfg = Release|Any CPU
		{E3729FDA-8859-48C9-8DC8-C25CC96A3A17}.Release|Any CPU.Build.0 = Release|Any CPU
		{E3729FDA-8859-48C9-8DC8-C25CC96A3A17}.Release|x64.ActiveCfg = Release|Any CPU
		{E3729FDA-8859-48C9-8DC8-C25CC96A3A17}.Release|x64.Build.0 = Release|Any CPU
		{7DDEFD3E-4B99-4685-B7D7-0A43BBE4E3F4}.Debug|Any CPU.ActiveCfg = Debug|Any CPU
		{7DDEFD3E-4B99-4685-B7D7-0A43BBE4E3F4}.Debug|Any CPU.Build.0 = Debug|Any CPU
		{7DDEFD3E-4B99-4685-B7D7-0A43BBE4E3F4}.Debug|x64.ActiveCfg = Debug|Any CPU
		{7DDEFD3E-4B99-4685-B7D7-0A43BBE4E3F4}.Debug|x64.Build.0 = Debug|Any CPU
		{7DDEFD3E-4B99-4685-B7D7-0A43BBE4E3F4}.Release|Any CPU.ActiveCfg = Release|Any CPU
		{7DDEFD3E-4B99-4685-B7D7-0A43BBE4E3F4}.Release|Any CPU.Build.0 = Release|Any CPU
		{7DDEFD3E-4B99-4685-B7D7-0A43BBE4E3F4}.Release|x64.ActiveCfg = Release|Any CPU
		{7DDEFD3E-4B99-4685-B7D7-0A43BBE4E3F4}.Release|x64.Build.0 = Release|Any CPU
		{AD215465-A6BB-4724-9BC4-DA05B9408776}.Debug|Any CPU.ActiveCfg = Debug|Any CPU
		{AD215465-A6BB-4724-9BC4-DA05B9408776}.Debug|Any CPU.Build.0 = Debug|Any CPU
		{AD215465-A6BB-4724-9BC4-DA05B9408776}.Debug|x64.ActiveCfg = Debug|Any CPU
		{AD215465-A6BB-4724-9BC4-DA05B9408776}.Debug|x64.Build.0 = Debug|Any CPU
		{AD215465-A6BB-4724-9BC4-DA05B9408776}.Release|Any CPU.ActiveCfg = Release|Any CPU
		{AD215465-A6BB-4724-9BC4-DA05B9408776}.Release|Any CPU.Build.0 = Release|Any CPU
		{AD215465-A6BB-4724-9BC4-DA05B9408776}.Release|x64.ActiveCfg = Release|Any CPU
		{AD215465-A6BB-4724-9BC4-DA05B9408776}.Release|x64.Build.0 = Release|Any CPU
	EndGlobalSection
	GlobalSection(SolutionProperties) = preSolution
		HideSolutionNode = FALSE
	EndGlobalSection
	GlobalSection(ExtensibilityGlobals) = postSolution
		SolutionGuid = {7875A75A-B6CC-43A7-A98E-428C3E6BB354}
	EndGlobalSection
EndGlobal
